// !$*UTF8*$!
{
	archiveVersion = 1;
	classes = {
	};
	objectVersion = 46;
	objects = {

/* Begin PBXBuildFile section */
		862DC4FC1A0AB35B00EEE328 /* main.c in Sources */ = {isa = PBXBuildFile; fileRef = 862DC4FB1A0AB35B00EEE328 /* main.c */; };
		862DC5061A0AB47200EEE328 /* Events Tree.c in Sources */ = {isa = PBXBuildFile; fileRef = 862DC5041A0AB47200EEE328 /* Events Tree.c */; };
		862DC5091A0ABD3900EEE328 /* Search Table.c in Sources */ = {isa = PBXBuildFile; fileRef = 862DC5071A0ABD3900EEE328 /* Search Table.c */; };
/* End PBXBuildFile section */

/* Begin PBXCopyFilesBuildPhase section */
		862DC4F61A0AB35B00EEE328 /* CopyFiles */ = {
			isa = PBXCopyFilesBuildPhase;
			buildActionMask = 2147483647;
			dstPath = /usr/share/man/man1/;
			dstSubfolderSpec = 0;
			files = (
			);
			runOnlyForDeploymentPostprocessing = 1;
		};
/* End PBXCopyFilesBuildPhase section */

/* Begin PBXFileReference section */
		862DC4F81A0AB35B00EEE328 /* calendar */ = {isa = PBXFileReference; explicitFileType = "compiled.mach-o.executable"; includeInIndex = 0; path = calendar; sourceTree = BUILT_PRODUCTS_DIR; };
		862DC4FB1A0AB35B00EEE328 /* main.c */ = {isa = PBXFileReference; lastKnownFileType = sourcecode.c.c; path = main.c; sourceTree = "<group>"; };
		862DC5021A0AB3A400EEE328 /* Headers.h */ = {isa = PBXFileReference; fileEncoding = 4; lastKnownFileType = sourcecode.c.h; path = Headers.h; sourceTree = "<group>"; };
		862DC5031A0AB3A400EEE328 /* Structs.h */ = {isa = PBXFileReference; fileEncoding = 4; lastKnownFileType = sourcecode.c.h; path = Structs.h; sourceTree = "<group>"; };
		862DC5041A0AB47200EEE328 /* Events Tree.c */ = {isa = PBXFileReference; fileEncoding = 4; lastKnownFileType = sourcecode.c.c; path = "Events Tree.c"; sourceTree = "<group>"; };
		862DC5051A0AB47200EEE328 /* Events Tree.h */ = {isa = PBXFileReference; fileEncoding = 4; lastKnownFileType = sourcecode.c.h; path = "Events Tree.h"; sourceTree = "<group>"; };
		862DC5071A0ABD3900EEE328 /* Search Table.c */ = {isa = PBXFileReference; fileEncoding = 4; lastKnownFileType = sourcecode.c.c; path = "Search Table.c"; sourceTree = "<group>"; };
		862DC5081A0ABD3900EEE328 /* Search Table.h */ = {isa = PBXFileReference; fileEncoding = 4; lastKnownFileType = sourcecode.c.h; path = "Search Table.h"; sourceTree = "<group>"; };
/* End PBXFileReference section */

/* Begin PBXFrameworksBuildPhase section */
		862DC4F51A0AB35B00EEE328 /* Frameworks */ = {
			isa = PBXFrameworksBuildPhase;
			buildActionMask = 2147483647;
			files = (
			);
			runOnlyForDeploymentPostprocessing = 0;
		};
/* End PBXFrameworksBuildPhase section */

/* Begin PBXGroup section */
		862DC4EF1A0AB35B00EEE328 = {
			isa = PBXGroup;
			children = (
				862DC4FA1A0AB35B00EEE328 /* calendar */,
				862DC4F91A0AB35B00EEE328 /* Products */,
			);
			sourceTree = "<group>";
		};
		862DC4F91A0AB35B00EEE328 /* Products */ = {
			isa = PBXGroup;
			children = (
				862DC4F81A0AB35B00EEE328 /* calendar */,
			);
			name = Products;
			sourceTree = "<group>";
		};
		862DC4FA1A0AB35B00EEE328 /* calendar */ = {
			isa = PBXGroup;
			children = (
				862DC5021A0AB3A400EEE328 /* Headers.h */,
				862DC5031A0AB3A400EEE328 /* Structs.h */,
				862DC4FB1A0AB35B00EEE328 /* main.c */,
				862DC5041A0AB47200EEE328 /* Events Tree.c */,
				862DC5051A0AB47200EEE328 /* Events Tree.h */,
				862DC5071A0ABD3900EEE328 /* Search Table.c */,
				862DC5081A0ABD3900EEE328 /* Search Table.h */,
			);
			path = calendar;
			sourceTree = "<group>";
		};
/* End PBXGroup section */

/* Begin PBXNativeTarget section */
		862DC4F71A0AB35B00EEE328 /* calendar */ = {
			isa = PBXNativeTarget;
			buildConfigurationList = 862DC4FF1A0AB35B00EEE328 /* Build configuration list for PBXNativeTarget "calendar" */;
			buildPhases = (
				862DC4F41A0AB35B00EEE328 /* Sources */,
				862DC4F51A0AB35B00EEE328 /* Frameworks */,
				862DC4F61A0AB35B00EEE328 /* CopyFiles */,
			);
			buildRules = (
			);
			dependencies = (
			);
			name = calendar;
			productName = calendar;
			productReference = 862DC4F81A0AB35B00EEE328 /* calendar */;
			productType = "com.apple.product-type.tool";
		};
/* End PBXNativeTarget section */

/* Begin PBXProject section */
		862DC4F01A0AB35B00EEE328 /* Project object */ = {
			isa = PBXProject;
			attributes = {
				LastUpgradeCheck = 0610;
				ORGANIZATIONNAME = "UNIUM automação";
				TargetAttributes = {
					862DC4F71A0AB35B00EEE328 = {
						CreatedOnToolsVersion = 6.1;
					};
				};
			};
			buildConfigurationList = 862DC4F31A0AB35B00EEE328 /* Build configuration list for PBXProject "calendar" */;
			compatibilityVersion = "Xcode 3.2";
			developmentRegion = English;
			hasScannedForEncodings = 0;
			knownRegions = (
				en,
			);
			mainGroup = 862DC4EF1A0AB35B00EEE328;
			productRefGroup = 862DC4F91A0AB35B00EEE328 /* Products */;
			projectDirPath = "";
			projectRoot = "";
			targets = (
				862DC4F71A0AB35B00EEE328 /* calendar */,
			);
		};
/* End PBXProject section */

/* Begin PBXSourcesBuildPhase section */
		862DC4F41A0AB35B00EEE328 /* Sources */ = {
			isa = PBXSourcesBuildPhase;
			buildActionMask = 2147483647;
			files = (
				862DC4FC1A0AB35B00EEE328 /* main.c in Sources */,
				862DC5061A0AB47200EEE328 /* Events Tree.c in Sources */,
				862DC5091A0ABD3900EEE328 /* Search Table.c in Sources */,
			);
			runOnlyForDeploymentPostprocessing = 0;
		};
/* End PBXSourcesBuildPhase section */

/* Begin XCBuildConfiguration section */
		862DC4FD1A0AB35B00EEE328 /* Debug */ = {
			isa = XCBuildConfiguration;
			buildSettings = {
				ALWAYS_SEARCH_USER_PATHS = NO;
				CLANG_CXX_LANGUAGE_STANDARD = "gnu++0x";
				CLANG_CXX_LIBRARY = "libc++";
				CLANG_ENABLE_MODULES = YES;
				CLANG_ENABLE_OBJC_ARC = YES;
				CLANG_WARN_BOOL_CONVERSION = YES;
				CLANG_WARN_CONSTANT_CONVERSION = YES;
				CLANG_WARN_DIRECT_OBJC_ISA_USAGE = YES_ERROR;
				CLANG_WARN_EMPTY_BODY = YES;
				CLANG_WARN_ENUM_CONVERSION = YES;
				CLANG_WARN_INT_CONVERSION = YES;
				CLANG_WARN_OBJC_ROOT_CLASS = YES_ERROR;
				CLANG_WARN_UNREACHABLE_CODE = YES;
				CLANG_WARN__DUPLICATE_METHOD_MATCH = YES;
				COPY_PHASE_STRIP = NO;
				ENABLE_STRICT_OBJC_MSGSEND = YES;
				GCC_C_LANGUAGE_STANDARD = gnu99;
				GCC_DYNAMIC_NO_PIC = NO;
				GCC_OPTIMIZATION_LEVEL = 0;
				GCC_PREPROCESSOR_DEFINITIONS = (
					"DEBUG=1",
					"$(inherited)",
				);
				GCC_SYMBOLS_PRIVATE_EXTERN = NO;
				GCC_WARN_64_TO_32_BIT_CONVERSION = YES;
				GCC_WARN_ABOUT_RETURN_TYPE = YES_ERROR;
				GCC_WARN_UNDECLARED_SELECTOR = YES;
				GCC_WARN_UNINITIALIZED_AUTOS = YES_AGGRESSIVE;
				GCC_WARN_UNUSED_FUNCTION = YES;
				GCC_WARN_UNUSED_VARIABLE = YES;
				MACOSX_DEPLOYMENT_TARGET = 10.10;
				MTL_ENABLE_DEBUG_INFO = YES;
				ONLY_ACTIVE_ARCH = YES;
				SDKROOT = macosx;
			};
			name = Debug;
		};
		862DC4FE1A0AB35B00EEE328 /* Release */ = {
			isa = XCBuildConfiguration;
			buildSettings = {
				ALWAYS_SEARCH_USER_PATHS = NO;
				CLANG_CXX_LANGUAGE_STANDARD = "gnu++0x";
				CLANG_CXX_LIBRARY = "libc++";
				CLANG_ENABLE_MODULES = YES;
				CLANG_ENABLE_OBJC_ARC = YES;
				CLANG_WARN_BOOL_CONVERSION = YES;
				CLANG_WARN_CONSTANT_CONVERSION = YES;
				CLANG_WARN_DIRECT_OBJC_ISA_USAGE = YES_ERROR;
				CLANG_WARN_EMPTY_BODY = YES;
				CLANG_WARN_ENUM_CONVERSION = YES;
				CLANG_WARN_INT_CONVERSION = YES;
				CLANG_WARN_OBJC_ROOT_CLASS = YES_ERROR;
				CLANG_WARN_UNREACHABLE_CODE = YES;
				CLANG_WARN__DUPLICATE_METHOD_MATCH = YES;
				COPY_PHASE_STRIP = YES;
				DEBUG_INFORMATION_FORMAT = "dwarf-with-dsym";
				ENABLE_NS_ASSERTIONS = NO;
				ENABLE_STRICT_OBJC_MSGSEND = YES;
				GCC_C_LANGUAGE_STANDARD = gnu99;
				GCC_WARN_64_TO_32_BIT_CONVERSION = YES;
				GCC_WARN_ABOUT_RETURN_TYPE = YES_ERROR;
				GCC_WARN_UNDECLARED_SELECTOR = YES;
				GCC_WARN_UNINITIALIZED_AUTOS = YES_AGGRESSIVE;
				GCC_WARN_UNUSED_FUNCTION = YES;
				GCC_WARN_UNUSED_VARIABLE = YES;
				MACOSX_DEPLOYMENT_TARGET = 10.10;
				MTL_ENABLE_DEBUG_INFO = NO;
				SDKROOT = macosx;
			};
			name = Release;
		};
		862DC5001A0AB35B00EEE328 /* Debug */ = {
			isa = XCBuildConfiguration;
			buildSettings = {
				PRODUCT_NAME = "$(TARGET_NAME)";
			};
			name = Debug;
		};
		862DC5011A0AB35B00EEE328 /* Release */ = {
			isa = XCBuildConfiguration;
			buildSettings = {
				PRODUCT_NAME = "$(TARGET_NAME)";
			};
			name = Release;
		};
/* End XCBuildConfiguration section */

/* Begin XCConfigurationList section */
		862DC4F31A0AB35B00EEE328 /* Build configuration list for PBXProject "calendar" */ = {
			isa = XCConfigurationList;
			buildConfigurations = (
				862DC4FD1A0AB35B00EEE328 /* Debug */,
				862DC4FE1A0AB35B00EEE328 /* Release */,
			);
			defaultConfigurationIsVisible = 0;
			defaultConfigurationName = Release;
		};
		862DC4FF1A0AB35B00EEE328 /* Build configuration list for PBXNativeTarget "calendar" */ = {
			isa = XCConfigurationList;
			buildConfigurations = (
				862DC5001A0AB35B00EEE328 /* Debug */,
				862DC5011A0AB35B00EEE328 /* Release */,
			);
			defaultConfigurationIsVisible = 0;
			defaultConfigurationName = Release;
		};
/* End XCConfigurationList section */
	};
	rootObject = 862DC4F01A0AB35B00EEE328 /* Project object */;
}
